{
  "name": "@mikegarde/dotenv-cli",
  "version": "1.2.1",
  "lockfileVersion": 3,
  "requires": true,
  "packages": {
    "": {
      "name": "@mikegarde/dotenv-cli",
      "version": "1.2.1",
      "hasInstallScript": true,
      "license": "GPL-3.0-or-later",
      "bin": {
        "dotenv": "bin/dotenv"
      },
      "engines": {
        "node": ">=18"
      }
    }
  }
}
